
Microsoft Visual Studio Solution File, Format Version 12.00
# Visual Studio Version 17
VisualStudioVersion = 17.2.32526.322
MinimumVisualStudioVersion = 10.0.40219.1
Project("{FAE04EC0-301F-11D3-BF4B-00C04F79EFBC}") = "RelationshipManager", "RelationshipManager.csproj", "{EC477CC9-53D3-46CC-876E-76595D439727}"
EndProject
Project("{FAE04EC0-301F-11D3-BF4B-00C04F79EFBC}") = "RelationshipManager2", "..\RelationshipManager2\RelationshipManager2.csproj", "{9BBAB01F-9E67-4F63-A9E9-C4861C0F07A8}"
EndProject
Global
	GlobalSection(SolutionConfigurationPlatforms) = preSolution
		Debug|Any CPU = Debug|Any CPU
		Release|Any CPU = Release|Any CPU
	EndGlobalSection
	GlobalSection(ProjectConfigurationPlatforms) = postSolution
		{EC477CC9-53D3-46CC-876E-76595D439727}.Debug|Any CPU.ActiveCfg = Debug|Any CPU
		{EC477CC9-53D3-46CC-876E-76595D439727}.Debug|Any CPU.Build.0 = Debug|Any CPU
		{EC477CC9-53D3-46CC-876E-76595D439727}.Release|Any CPU.ActiveCfg = Release|Any CPU
		{EC477CC9-53D3-46CC-876E-76595D439727}.Release|Any CPU.Build.0 = Release|Any CPU
		{9BBAB01F-9E67-4F63-A9E9-C4861C0F07A8}.Debug|Any CPU.ActiveCfg = Debug|Any CPU
		{9BBAB01F-9E67-4F63-A9E9-C4861C0F07A8}.Debug|Any CPU.Build.0 = Debug|Any CPU
		{9BBAB01F-9E67-4F63-A9E9-C4861C0F07A8}.Release|Any CPU.ActiveCfg = Release|Any CPU
		{9BBAB01F-9E67-4F63-A9E9-C4861C0F07A8}.Release|Any CPU.Build.0 = Release|Any CPU
	EndGlobalSection
	GlobalSection(SolutionProperties) = preSolution
		HideSolutionNode = FALSE
	EndGlobalSection
	GlobalSection(ExtensibilityGlobals) = postSolution
		SolutionGuid = {073B2A11-E9D2-4DA2-9D1A-17460DB43C60}
	EndGlobalSection
EndGlobal
